// !$*UTF8*$!
{
	archiveVersion = 1;
	classes = {
	};
	objectVersion = 50;
	objects = {

/* Begin PBXBuildFile section */
		1A2C888B22DC2FB600F7A11B /* SceneDelegate.m in Sources */ = {isa = PBXBuildFile; fileRef = 1ACA88EA22D856B500F8B799 /* SceneDelegate.m */; };
		1A73250022DC8614007D7AB1 /* iOS13.xcassets in Resources */ = {isa = PBXBuildFile; fileRef = 1AC3E46222DC81D900CF71A7 /* iOS13.xcassets */; };
		1ACA88E822D856B500F8B799 /* AppDelegate.m in Sources */ = {isa = PBXBuildFile; fileRef = 1ACA88E722D856B500F8B799 /* AppDelegate.m */; };
		1ACA88F122D856B500F8B799 /* Main.storyboard in Resources */ = {isa = PBXBuildFile; fileRef = 1ACA88EF22D856B500F8B799 /* Main.storyboard */; };
		1ACA88F322D856B600F8B799 /* Assets.xcassets in Resources */ = {isa = PBXBuildFile; fileRef = 1ACA88F222D856B600F8B799 /* Assets.xcassets */; };
		1ACA88F622D856B600F8B799 /* LaunchScreen.storyboard in Resources */ = {isa = PBXBuildFile; fileRef = 1ACA88F422D856B600F8B799 /* LaunchScreen.storyboard */; };
		1ACA88F922D856B600F8B799 /* main.m in Sources */ = {isa = PBXBuildFile; fileRef = 1ACA88F822D856B600F8B799 /* main.m */; };
		1ACA890322D856B600F8B799 /* testSFSymbolsTests.m in Sources */ = {isa = PBXBuildFile; fileRef = 1ACA890222D856B600F8B799 /* testSFSymbolsTests.m */; };
		1ACA890E22D856B700F8B799 /* testSFSymbolsUITests.m in Sources */ = {isa = PBXBuildFile; fileRef = 1ACA890D22D856B700F8B799 /* testSFSymbolsUITests.m */; };
		1AE759D222DC65780051AA60 /* assets.swift in Sources */ = {isa = PBXBuildFile; fileRef = 1AE759D122DC65780051AA60 /* assets.swift */; };
		1AE759D422DC65B50051AA60 /* ViewController.swift in Sources */ = {isa = PBXBuildFile; fileRef = 1AE759D322DC65B50051AA60 /* ViewController.swift */; };
		211678B94F4CF0A1FBB9C6D3 /* Pods_testSFSymbolsTests.framework in Frameworks */ = {isa = PBXBuildFile; fileRef = F5FBAA89C10FAFAE905DD013 /* Pods_testSFSymbolsTests.framework */; };
		22B2F78CD5B025D9B7BCBF96 /* Pods_testSFSymbols.framework in Frameworks */ = {isa = PBXBuildFile; fileRef = AA3754CEBE82463710EE71FC /* Pods_testSFSymbols.framework */; };
		90E699C05937952E24E1FA1B /* Pods_testSFSymbolsUITests.framework in Frameworks */ = {isa = PBXBuildFile; fileRef = 25740B9159E6DF0022BC4E58 /* Pods_testSFSymbolsUITests.framework */; };
/* End PBXBuildFile section */

/* Begin PBXContainerItemProxy section */
		1ACA88FF22D856B600F8B799 /* PBXContainerItemProxy */ = {
			isa = PBXContainerItemProxy;
			containerPortal = 1ACA88DB22D856B500F8B799 /* Project object */;
			proxyType = 1;
			remoteGlobalIDString = 1ACA88E222D856B500F8B799;
			remoteInfo = testSFSymbols;
		};
		1ACA890A22D856B600F8B799 /* PBXContainerItemProxy */ = {
			isa = PBXContainerItemProxy;
			containerPortal = 1ACA88DB22D856B500F8B799 /* Project object */;
			proxyType = 1;
			remoteGlobalIDString = 1ACA88E222D856B500F8B799;
			remoteInfo = testSFSymbols;
		};
/* End PBXContainerItemProxy section */

/* Begin PBXFileReference section */
		1AC3E46222DC81D900CF71A7 /* iOS13.xcassets */ = {isa = PBXFileReference; lastKnownFileType = folder.assetcatalog; path = iOS13.xcassets; sourceTree = "<group>"; };
		1ACA88E322D856B500F8B799 /* testSFSymbols.app */ = {isa = PBXFileReference; explicitFileType = wrapper.application; includeInIndex = 0; path = testSFSymbols.app; sourceTree = BUILT_PRODUCTS_DIR; };
		1ACA88E622D856B500F8B799 /* AppDelegate.h */ = {isa = PBXFileReference; lastKnownFileType = sourcecode.c.h; path = AppDelegate.h; sourceTree = "<group>"; };
		1ACA88E722D856B500F8B799 /* AppDelegate.m */ = {isa = PBXFileReference; lastKnownFileType = sourcecode.c.objc; path = AppDelegate.m; sourceTree = "<group>"; };
		1ACA88E922D856B500F8B799 /* SceneDelegate.h */ = {isa = PBXFileReference; lastKnownFileType = sourcecode.c.h; path = SceneDelegate.h; sourceTree = "<group>"; };
		1ACA88EA22D856B500F8B799 /* SceneDelegate.m */ = {isa = PBXFileReference; lastKnownFileType = sourcecode.c.objc; path = SceneDelegate.m; sourceTree = "<group>"; };
		1ACA88F022D856B500F8B799 /* Base */ = {isa = PBXFileReference; lastKnownFileType = file.storyboard; name = Base; path = Base.lproj/Main.storyboard; sourceTree = "<group>"; };
		1ACA88F222D856B600F8B799 /* Assets.xcassets */ = {isa = PBXFileReference; lastKnownFileType = folder.assetcatalog; path = Assets.xcassets; sourceTree = "<group>"; };
		1ACA88F522D856B600F8B799 /* Base */ = {isa = PBXFileReference; lastKnownFileType = file.storyboard; name = Base; path = Base.lproj/LaunchScreen.storyboard; sourceTree = "<group>"; };
		1ACA88F722D856B600F8B799 /* Info.plist */ = {isa = PBXFileReference; lastKnownFileType = text.plist.xml; path = Info.plist; sourceTree = "<group>"; };
		1ACA88F822D856B600F8B799 /* main.m */ = {isa = PBXFileReference; lastKnownFileType = sourcecode.c.objc; path = main.m; sourceTree = "<group>"; };
		1ACA88FE22D856B600F8B799 /* testSFSymbolsTests.xctest */ = {isa = PBXFileReference; explicitFileType = wrapper.cfbundle; includeInIndex = 0; path = testSFSymbolsTests.xctest; sourceTree = BUILT_PRODUCTS_DIR; };
		1ACA890222D856B600F8B799 /* testSFSymbolsTests.m */ = {isa = PBXFileReference; lastKnownFileType = sourcecode.c.objc; path = testSFSymbolsTests.m; sourceTree = "<group>"; };
		1ACA890422D856B600F8B799 /* Info.plist */ = {isa = PBXFileReference; lastKnownFileType = text.plist.xml; path = Info.plist; sourceTree = "<group>"; };
		1ACA890922D856B600F8B799 /* testSFSymbolsUITests.xctest */ = {isa = PBXFileReference; explicitFileType = wrapper.cfbundle; includeInIndex = 0; path = testSFSymbolsUITests.xctest; sourceTree = BUILT_PRODUCTS_DIR; };
		1ACA890D22D856B700F8B799 /* testSFSymbolsUITests.m */ = {isa = PBXFileReference; lastKnownFileType = sourcecode.c.objc; path = testSFSymbolsUITests.m; sourceTree = "<group>"; };
		1ACA890F22D856B700F8B799 /* Info.plist */ = {isa = PBXFileReference; lastKnownFileType = text.plist.xml; path = Info.plist; sourceTree = "<group>"; };
		1ACA891B22D87BFA00F8B799 /* testSFSymbols.entitlements */ = {isa = PBXFileReference; lastKnownFileType = text.plist.entitlements; path = testSFSymbols.entitlements; sourceTree = "<group>"; };
		1AE759D122DC65780051AA60 /* assets.swift */ = {isa = PBXFileReference; fileEncoding = 4; lastKnownFileType = sourcecode.swift; path = assets.swift; sourceTree = "<group>"; };
		1AE759D322DC65B50051AA60 /* ViewController.swift */ = {isa = PBXFileReference; lastKnownFileType = sourcecode.swift; path = ViewController.swift; sourceTree = "<group>"; };
		25740B9159E6DF0022BC4E58 /* Pods_testSFSymbolsUITests.framework */ = {isa = PBXFileReference; explicitFileType = wrapper.framework; includeInIndex = 0; path = Pods_testSFSymbolsUITests.framework; sourceTree = BUILT_PRODUCTS_DIR; };
		30154BE4D10D84DF4D15CDD0 /* Pods-testSFSymbols.release.xcconfig */ = {isa = PBXFileReference; includeInIndex = 1; lastKnownFileType = text.xcconfig; name = "Pods-testSFSymbols.release.xcconfig"; path = "Target Support Files/Pods-testSFSymbols/Pods-testSFSymbols.release.xcconfig"; sourceTree = "<group>"; };
		99C17056890EA9E87C1CE9A9 /* Pods-testSFSymbolsTests.release.xcconfig */ = {isa = PBXFileReference; includeInIndex = 1; lastKnownFileType = text.xcconfig; name = "Pods-testSFSymbolsTests.release.xcconfig"; path = "Target Support Files/Pods-testSFSymbolsTests/Pods-testSFSymbolsTests.release.xcconfig"; sourceTree = "<group>"; };
		AA3754CEBE82463710EE71FC /* Pods_testSFSymbols.framework */ = {isa = PBXFileReference; explicitFileType = wrapper.framework; includeInIndex = 0; path = Pods_testSFSymbols.framework; sourceTree = BUILT_PRODUCTS_DIR; };
		CCBF66E3C49B84B05508D672 /* Pods-testSFSymbolsUITests.release.xcconfig */ = {isa = PBXFileReference; includeInIndex = 1; lastKnownFileType = text.xcconfig; name = "Pods-testSFSymbolsUITests.release.xcconfig"; path = "Target Support Files/Pods-testSFSymbolsUITests/Pods-testSFSymbolsUITests.release.xcconfig"; sourceTree = "<group>"; };
		D69645A7C5CDC267B0AB4140 /* Pods-testSFSymbolsTests.debug.xcconfig */ = {isa = PBXFileReference; includeInIndex = 1; lastKnownFileType = text.xcconfig; name = "Pods-testSFSymbolsTests.debug.xcconfig"; path = "Target Support Files/Pods-testSFSymbolsTests/Pods-testSFSymbolsTests.debug.xcconfig"; sourceTree = "<group>"; };
		EF427A9D5A30A7364E88ABC7 /* Pods-testSFSymbols.debug.xcconfig */ = {isa = PBXFileReference; includeInIndex = 1; lastKnownFileType = text.xcconfig; name = "Pods-testSFSymbols.debug.xcconfig"; path = "Target Support Files/Pods-testSFSymbols/Pods-testSFSymbols.debug.xcconfig"; sourceTree = "<group>"; };
		F15BEE3CF81FB4D924383716 /* Pods-testSFSymbolsUITests.debug.xcconfig */ = {isa = PBXFileReference; includeInIndex = 1; lastKnownFileType = text.xcconfig; name = "Pods-testSFSymbolsUITests.debug.xcconfig"; path = "Target Support Files/Pods-testSFSymbolsUITests/Pods-testSFSymbolsUITests.debug.xcconfig"; sourceTree = "<group>"; };
		F5FBAA89C10FAFAE905DD013 /* Pods_testSFSymbolsTests.framework */ = {isa = PBXFileReference; explicitFileType = wrapper.framework; includeInIndex = 0; path = Pods_testSFSymbolsTests.framework; sourceTree = BUILT_PRODUCTS_DIR; };
/* End PBXFileReference section */

/* Begin PBXFrameworksBuildPhase section */
		1ACA88E022D856B500F8B799 /* Frameworks */ = {
			isa = PBXFrameworksBuildPhase;
			buildActionMask = 2147483647;
			files = (
				22B2F78CD5B025D9B7BCBF96 /* Pods_testSFSymbols.framework in Frameworks */,
			);
			runOnlyForDeploymentPostprocessing = 0;
		};
		1ACA88FB22D856B600F8B799 /* Frameworks */ = {
			isa = PBXFrameworksBuildPhase;
			buildActionMask = 2147483647;
			files = (
				211678B94F4CF0A1FBB9C6D3 /* Pods_testSFSymbolsTests.framework in Frameworks */,
			);
			runOnlyForDeploymentPostprocessing = 0;
		};
		1ACA890622D856B600F8B799 /* Frameworks */ = {
			isa = PBXFrameworksBuildPhase;
			buildActionMask = 2147483647;
			files = (
				90E699C05937952E24E1FA1B /* Pods_testSFSymbolsUITests.framework in Frameworks */,
			);
			runOnlyForDeploymentPostprocessing = 0;
		};
/* End PBXFrameworksBuildPhase section */

/* Begin PBXGroup section */
		1ACA88DA22D856B500F8B799 = {
			isa = PBXGroup;
			children = (
				1AE759D022DC65780051AA60 /* Generated */,
				1ACA88E522D856B500F8B799 /* testSFSymbols */,
				1ACA890122D856B600F8B799 /* testSFSymbolsTests */,
				1ACA890C22D856B700F8B799 /* testSFSymbolsUITests */,
				1ACA88E422D856B500F8B799 /* Products */,
				C0C2BA387D0B24C05FB7B72F /* Pods */,
				1FF1DC315A514AB0E9BFCCF3 /* Frameworks */,
			);
			sourceTree = "<group>";
		};
		1ACA88E422D856B500F8B799 /* Products */ = {
			isa = PBXGroup;
			children = (
				1ACA88E322D856B500F8B799 /* testSFSymbols.app */,
				1ACA88FE22D856B600F8B799 /* testSFSymbolsTests.xctest */,
				1ACA890922D856B600F8B799 /* testSFSymbolsUITests.xctest */,
			);
			name = Products;
			sourceTree = "<group>";
		};
		1ACA88E522D856B500F8B799 /* testSFSymbols */ = {
			isa = PBXGroup;
			children = (
				1ACA891B22D87BFA00F8B799 /* testSFSymbols.entitlements */,
				1ACA88E622D856B500F8B799 /* AppDelegate.h */,
				1ACA88E722D856B500F8B799 /* AppDelegate.m */,
				1ACA88E922D856B500F8B799 /* SceneDelegate.h */,
				1ACA88EA22D856B500F8B799 /* SceneDelegate.m */,
				1AE759D322DC65B50051AA60 /* ViewController.swift */,
				1ACA88EF22D856B500F8B799 /* Main.storyboard */,
				1ACA88F222D856B600F8B799 /* Assets.xcassets */,
				1ACA88F422D856B600F8B799 /* LaunchScreen.storyboard */,
				1ACA88F722D856B600F8B799 /* Info.plist */,
				1ACA88F822D856B600F8B799 /* main.m */,
				1AC3E46222DC81D900CF71A7 /* iOS13.xcassets */,
			);
			path = testSFSymbols;
			sourceTree = "<group>";
		};
		1ACA890122D856B600F8B799 /* testSFSymbolsTests */ = {
			isa = PBXGroup;
			children = (
				1ACA890222D856B600F8B799 /* testSFSymbolsTests.m */,
				1ACA890422D856B600F8B799 /* Info.plist */,
			);
			path = testSFSymbolsTests;
			sourceTree = "<group>";
		};
		1ACA890C22D856B700F8B799 /* testSFSymbolsUITests */ = {
			isa = PBXGroup;
			children = (
				1ACA890D22D856B700F8B799 /* testSFSymbolsUITests.m */,
				1ACA890F22D856B700F8B799 /* Info.plist */,
			);
			path = testSFSymbolsUITests;
			sourceTree = "<group>";
		};
		1AE759D022DC65780051AA60 /* Generated */ = {
			isa = PBXGroup;
			children = (
				1AE759D122DC65780051AA60 /* assets.swift */,
			);
			path = Generated;
			sourceTree = "<group>";
		};
		1FF1DC315A514AB0E9BFCCF3 /* Frameworks */ = {
			isa = PBXGroup;
			children = (
				AA3754CEBE82463710EE71FC /* Pods_testSFSymbols.framework */,
				F5FBAA89C10FAFAE905DD013 /* Pods_testSFSymbolsTests.framework */,
				25740B9159E6DF0022BC4E58 /* Pods_testSFSymbolsUITests.framework */,
			);
			name = Frameworks;
			sourceTree = "<group>";
		};
		C0C2BA387D0B24C05FB7B72F /* Pods */ = {
			isa = PBXGroup;
			children = (
				EF427A9D5A30A7364E88ABC7 /* Pods-testSFSymbols.debug.xcconfig */,
				30154BE4D10D84DF4D15CDD0 /* Pods-testSFSymbols.release.xcconfig */,
				D69645A7C5CDC267B0AB4140 /* Pods-testSFSymbolsTests.debug.xcconfig */,
				99C17056890EA9E87C1CE9A9 /* Pods-testSFSymbolsTests.release.xcconfig */,
				F15BEE3CF81FB4D924383716 /* Pods-testSFSymbolsUITests.debug.xcconfig */,
				CCBF66E3C49B84B05508D672 /* Pods-testSFSymbolsUITests.release.xcconfig */,
			);
			path = Pods;
			sourceTree = "<group>";
		};
/* End PBXGroup section */

/* Begin PBXNativeTarget section */
		1ACA88E222D856B500F8B799 /* testSFSymbols */ = {
			isa = PBXNativeTarget;
			buildConfigurationList = 1ACA891222D856B700F8B799 /* Build configuration list for PBXNativeTarget "testSFSymbols" */;
			buildPhases = (
				BA157410F829858B23C095D6 /* [CP] Check Pods Manifest.lock */,
				1AE759D522DC71240051AA60 /* ShellScript */,
				1ACA88DF22D856B500F8B799 /* Sources */,
				1ACA88E022D856B500F8B799 /* Frameworks */,
				1ACA88E122D856B500F8B799 /* Resources */,
			);
			buildRules = (
			);
			dependencies = (
			);
			name = testSFSymbols;
			productName = testSFSymbols;
			productReference = 1ACA88E322D856B500F8B799 /* testSFSymbols.app */;
			productType = "com.apple.product-type.application";
		};
		1ACA88FD22D856B600F8B799 /* testSFSymbolsTests */ = {
			isa = PBXNativeTarget;
			buildConfigurationList = 1ACA891522D856B700F8B799 /* Build configuration list for PBXNativeTarget "testSFSymbolsTests" */;
			buildPhases = (
				E9C5E57601A1D0ADF6BD8181 /* [CP] Check Pods Manifest.lock */,
				1ACA88FA22D856B600F8B799 /* Sources */,
				1ACA88FB22D856B600F8B799 /* Frameworks */,
				1ACA88FC22D856B600F8B799 /* Resources */,
			);
			buildRules = (
			);
			dependencies = (
				1ACA890022D856B600F8B799 /* PBXTargetDependency */,
			);
			name = testSFSymbolsTests;
			productName = testSFSymbolsTests;
			productReference = 1ACA88FE22D856B600F8B799 /* testSFSymbolsTests.xctest */;
			productType = "com.apple.product-type.bundle.unit-test";
		};
		1ACA890822D856B600F8B799 /* testSFSymbolsUITests */ = {
			isa = PBXNativeTarget;
			buildConfigurationList = 1ACA891822D856B700F8B799 /* Build configuration list for PBXNativeTarget "testSFSymbolsUITests" */;
			buildPhases = (
				61BB2C08834FE690D081D157 /* [CP] Check Pods Manifest.lock */,
				1ACA890522D856B600F8B799 /* Sources */,
				1ACA890622D856B600F8B799 /* Frameworks */,
				1ACA890722D856B600F8B799 /* Resources */,
			);
			buildRules = (
			);
			dependencies = (
				1ACA890B22D856B600F8B799 /* PBXTargetDependency */,
			);
			name = testSFSymbolsUITests;
			productName = testSFSymbolsUITests;
			productReference = 1ACA890922D856B600F8B799 /* testSFSymbolsUITests.xctest */;
			productType = "com.apple.product-type.bundle.ui-testing";
		};
/* End PBXNativeTarget section */

/* Begin PBXProject section */
		1ACA88DB22D856B500F8B799 /* Project object */ = {
			isa = PBXProject;
			attributes = {
				LastUpgradeCheck = 1100;
				ORGANIZATIONNAME = "James Tang";
				TargetAttributes = {
					1ACA88E222D856B500F8B799 = {
						CreatedOnToolsVersion = 11.0;
					};
					1ACA88FD22D856B600F8B799 = {
						CreatedOnToolsVersion = 11.0;
						TestTargetID = 1ACA88E222D856B500F8B799;
					};
					1ACA890822D856B600F8B799 = {
						CreatedOnToolsVersion = 11.0;
						TestTargetID = 1ACA88E222D856B500F8B799;
					};
				};
			};
			buildConfigurationList = 1ACA88DE22D856B500F8B799 /* Build configuration list for PBXProject "testSFSymbols" */;
			compatibilityVersion = "Xcode 9.3";
			developmentRegion = en;
			hasScannedForEncodings = 0;
			knownRegions = (
				en,
				Base,
			);
			mainGroup = 1ACA88DA22D856B500F8B799;
			productRefGroup = 1ACA88E422D856B500F8B799 /* Products */;
			projectDirPath = "";
			projectRoot = "";
			targets = (
				1ACA88E222D856B500F8B799 /* testSFSymbols */,
				1ACA88FD22D856B600F8B799 /* testSFSymbolsTests */,
				1ACA890822D856B600F8B799 /* testSFSymbolsUITests */,
			);
		};
/* End PBXProject section */

/* Begin PBXResourcesBuildPhase section */
		1ACA88E122D856B500F8B799 /* Resources */ = {
			isa = PBXResourcesBuildPhase;
			buildActionMask = 2147483647;
			files = (
				1ACA88F622D856B600F8B799 /* LaunchScreen.storyboard in Resources */,
				1A73250022DC8614007D7AB1 /* iOS13.xcassets in Resources */,
				1ACA88F322D856B600F8B799 /* Assets.xcassets in Resources */,
				1ACA88F122D856B500F8B799 /* Main.storyboard in Resources */,
			);
			runOnlyForDeploymentPostprocessing = 0;
		};
		1ACA88FC22D856B600F8B799 /* Resources */ = {
			isa = PBXResourcesBuildPhase;
			buildActionMask = 2147483647;
			files = (
			);
			runOnlyForDeploymentPostprocessing = 0;
		};
		1ACA890722D856B600F8B799 /* Resources */ = {
			isa = PBXResourcesBuildPhase;
			buildActionMask = 2147483647;
			files = (
			);
			runOnlyForDeploymentPostprocessing = 0;
		};
/* End PBXResourcesBuildPhase section */

/* Begin PBXShellScriptBuildPhase section */
		1AE759D522DC71240051AA60 /* ShellScript */ = {
			isa = PBXShellScriptBuildPhase;
			buildActionMask = 2147483647;
			files = (
			);
			inputFileListPaths = (
			);
			inputPaths = (
			);
			outputFileListPaths = (
			);
			outputPaths = (
			);
			runOnlyForDeploymentPostprocessing = 0;
			shellPath = /bin/sh;
			shellScript = "$PODS_ROOT/SwiftGen/bin/swiftgen\n";
		};
		61BB2C08834FE690D081D157 /* [CP] Check Pods Manifest.lock */ = {
			isa = PBXShellScriptBuildPhase;
			buildActionMask = 2147483647;
			files = (
			);
			inputFileListPaths = (
			);
			inputPaths = (
				"${PODS_PODFILE_DIR_PATH}/Podfile.lock",
				"${PODS_ROOT}/Manifest.lock",
			);
			name = "[CP] Check Pods Manifest.lock";
			outputFileListPaths = (
			);
			outputPaths = (
				"$(DERIVED_FILE_DIR)/Pods-testSFSymbolsUITests-checkManifestLockResult.txt",
			);
			runOnlyForDeploymentPostprocessing = 0;
			shellPath = /bin/sh;
			shellScript = "diff \"${PODS_PODFILE_DIR_PATH}/Podfile.lock\" \"${PODS_ROOT}/Manifest.lock\" > /dev/null\nif [ $? != 0 ] ; then\n    # print error to STDERR\n    echo \"error: The sandbox is not in sync with the Podfile.lock. Run 'pod install' or update your CocoaPods installation.\" >&2\n    exit 1\nfi\n# This output is used by Xcode 'outputs' to avoid re-running this script phase.\necho \"SUCCESS\" > \"${SCRIPT_OUTPUT_FILE_0}\"\n";
			showEnvVarsInLog = 0;
		};
		BA157410F829858B23C095D6 /* [CP] Check Pods Manifest.lock */ = {
			isa = PBXShellScriptBuildPhase;
			buildActionMask = 2147483647;
			files = (
			);
			inputFileListPaths = (
			);
			inputPaths = (
				"${PODS_PODFILE_DIR_PATH}/Podfile.lock",
				"${PODS_ROOT}/Manifest.lock",
			);
			name = "[CP] Check Pods Manifest.lock";
			outputFileListPaths = (
			);
			outputPaths = (
				"$(DERIVED_FILE_DIR)/Pods-testSFSymbols-checkManifestLockResult.txt",
			);
			runOnlyForDeploymentPostprocessing = 0;
			shellPath = /bin/sh;
			shellScript = "diff \"${PODS_PODFILE_DIR_PATH}/Podfile.lock\" \"${PODS_ROOT}/Manifest.lock\" > /dev/null\nif [ $? != 0 ] ; then\n    # print error to STDERR\n    echo \"error: The sandbox is not in sync with the Podfile.lock. Run 'pod install' or update your CocoaPods installation.\" >&2\n    exit 1\nfi\n# This output is used by Xcode 'outputs' to avoid re-running this script phase.\necho \"SUCCESS\" > \"${SCRIPT_OUTPUT_FILE_0}\"\n";
			showEnvVarsInLog = 0;
		};
		E9C5E57601A1D0ADF6BD8181 /* [CP] Check Pods Manifest.lock */ = {
			isa = PBXShellScriptBuildPhase;
			buildActionMask = 2147483647;
			files = (
			);
			inputFileListPaths = (
			);
			inputPaths = (
				"${PODS_PODFILE_DIR_PATH}/Podfile.lock",
				"${PODS_ROOT}/Manifest.lock",
			);
			name = "[CP] Check Pods Manifest.lock";
			outputFileListPaths = (
			);
			outputPaths = (
				"$(DERIVED_FILE_DIR)/Pods-testSFSymbolsTests-checkManifestLockResult.txt",
			);
			runOnlyForDeploymentPostprocessing = 0;
			shellPath = /bin/sh;
			shellScript = "diff \"${PODS_PODFILE_DIR_PATH}/Podfile.lock\" \"${PODS_ROOT}/Manifest.lock\" > /dev/null\nif [ $? != 0 ] ; then\n    # print error to STDERR\n    echo \"error: The sandbox is not in sync with the Podfile.lock. Run 'pod install' or update your CocoaPods installation.\" >&2\n    exit 1\nfi\n# This output is used by Xcode 'outputs' to avoid re-running this script phase.\necho \"SUCCESS\" > \"${SCRIPT_OUTPUT_FILE_0}\"\n";
			showEnvVarsInLog = 0;
		};
/* End PBXShellScriptBuildPhase section */

/* Begin PBXSourcesBuildPhase section */
		1ACA88DF22D856B500F8B799 /* Sources */ = {
			isa = PBXSourcesBuildPhase;
			buildActionMask = 2147483647;
			files = (
				1AE759D422DC65B50051AA60 /* ViewController.swift in Sources */,
				1ACA88E822D856B500F8B799 /* AppDelegate.m in Sources */,
				1ACA88F922D856B600F8B799 /* main.m in Sources */,
				1A2C888B22DC2FB600F7A11B /* SceneDelegate.m in Sources */,
				1AE759D222DC65780051AA60 /* assets.swift in Sources */,
			);
			runOnlyForDeploymentPostprocessing = 0;
		};
		1ACA88FA22D856B600F8B799 /* Sources */ = {
			isa = PBXSourcesBuildPhase;
			buildActionMask = 2147483647;
			files = (
				1ACA890322D856B600F8B799 /* testSFSymbolsTests.m in Sources */,
			);
			runOnlyForDeploymentPostprocessing = 0;
		};
		1ACA890522D856B600F8B799 /* Sources */ = {
			isa = PBXSourcesBuildPhase;
			buildActionMask = 2147483647;
			files = (
				1ACA890E22D856B700F8B799 /* testSFSymbolsUITests.m in Sources */,
			);
			runOnlyForDeploymentPostprocessing = 0;
		};
/* End PBXSourcesBuildPhase section */

/* Begin PBXTargetDependency section */
		1ACA890022D856B600F8B799 /* PBXTargetDependency */ = {
			isa = PBXTargetDependency;
			target = 1ACA88E222D856B500F8B799 /* testSFSymbols */;
			targetProxy = 1ACA88FF22D856B600F8B799 /* PBXContainerItemProxy */;
		};
		1ACA890B22D856B600F8B799 /* PBXTargetDependency */ = {
			isa = PBXTargetDependency;
			target = 1ACA88E222D856B500F8B799 /* testSFSymbols */;
			targetProxy = 1ACA890A22D856B600F8B799 /* PBXContainerItemProxy */;
		};
/* End PBXTargetDependency section */

/* Begin PBXVariantGroup section */
		1ACA88EF22D856B500F8B799 /* Main.storyboard */ = {
			isa = PBXVariantGroup;
			children = (
				1ACA88F022D856B500F8B799 /* Base */,
			);
			name = Main.storyboard;
			sourceTree = "<group>";
		};
		1ACA88F422D856B600F8B799 /* LaunchScreen.storyboard */ = {
			isa = PBXVariantGroup;
			children = (
				1ACA88F522D856B600F8B799 /* Base */,
			);
			name = LaunchScreen.storyboard;
			sourceTree = "<group>";
		};
/* End PBXVariantGroup section */

/* Begin XCBuildConfiguration section */
		1ACA891022D856B700F8B799 /* Debug */ = {
			isa = XCBuildConfiguration;
			buildSettings = {
				ALWAYS_SEARCH_USER_PATHS = NO;
				CLANG_ANALYZER_NONNULL = YES;
				CLANG_ANALYZER_NUMBER_OBJECT_CONVERSION = YES_AGGRESSIVE;
				CLANG_CXX_LANGUAGE_STANDARD = "gnu++14";
				CLANG_CXX_LIBRARY = "libc++";
				CLANG_ENABLE_MODULES = YES;
				CLANG_ENABLE_OBJC_ARC = YES;
				CLANG_ENABLE_OBJC_WEAK = YES;
				CLANG_WARN_BLOCK_CAPTURE_AUTORELEASING = YES;
				CLANG_WARN_BOOL_CONVERSION = YES;
				CLANG_WARN_COMMA = YES;
				CLANG_WARN_CONSTANT_CONVERSION = YES;
				CLANG_WARN_DEPRECATED_OBJC_IMPLEMENTATIONS = YES;
				CLANG_WARN_DIRECT_OBJC_ISA_USAGE = YES_ERROR;
				CLANG_WARN_DOCUMENTATION_COMMENTS = YES;
				CLANG_WARN_EMPTY_BODY = YES;
				CLANG_WARN_ENUM_CONVERSION = YES;
				CLANG_WARN_INFINITE_RECURSION = YES;
				CLANG_WARN_INT_CONVERSION = YES;
				CLANG_WARN_NON_LITERAL_NULL_CONVERSION = YES;
				CLANG_WARN_OBJC_IMPLICIT_RETAIN_SELF = YES;
				CLANG_WARN_OBJC_LITERAL_CONVERSION = YES;
				CLANG_WARN_OBJC_ROOT_CLASS = YES_ERROR;
				CLANG_WARN_RANGE_LOOP_ANALYSIS = YES;
				CLANG_WARN_STRICT_PROTOTYPES = YES;
				CLANG_WARN_SUSPICIOUS_MOVE = YES;
				CLANG_WARN_UNGUARDED_AVAILABILITY = YES_AGGRESSIVE;
				CLANG_WARN_UNREACHABLE_CODE = YES;
				CLANG_WARN__DUPLICATE_METHOD_MATCH = YES;
				COPY_PHASE_STRIP = NO;
				DEBUG_INFORMATION_FORMAT = dwarf;
				ENABLE_STRICT_OBJC_MSGSEND = YES;
				ENABLE_TESTABILITY = YES;
				GCC_C_LANGUAGE_STANDARD = gnu11;
				GCC_DYNAMIC_NO_PIC = NO;
				GCC_NO_COMMON_BLOCKS = YES;
				GCC_OPTIMIZATION_LEVEL = 0;
				GCC_PREPROCESSOR_DEFINITIONS = (
					"DEBUG=1",
					"$(inherited)",
				);
				GCC_WARN_64_TO_32_BIT_CONVERSION = YES;
				GCC_WARN_ABOUT_RETURN_TYPE = YES_ERROR;
				GCC_WARN_UNDECLARED_SELECTOR = YES;
				GCC_WARN_UNINITIALIZED_AUTOS = YES_AGGRESSIVE;
				GCC_WARN_UNUSED_FUNCTION = YES;
				GCC_WARN_UNUSED_VARIABLE = YES;
				IPHONEOS_DEPLOYMENT_TARGET = 12.0;
				MTL_ENABLE_DEBUG_INFO = INCLUDE_SOURCE;
				MTL_FAST_MATH = YES;
				ONLY_ACTIVE_ARCH = YES;
				SDKROOT = iphoneos;
			};
			name = Debug;
		};
		1ACA891122D856B700F8B799 /* Release */ = {
			isa = XCBuildConfiguration;
			buildSettings = {
				ALWAYS_SEARCH_USER_PATHS = NO;
				CLANG_ANALYZER_NONNULL = YES;
				CLANG_ANALYZER_NUMBER_OBJECT_CONVERSION = YES_AGGRESSIVE;
				CLANG_CXX_LANGUAGE_STANDARD = "gnu++14";
				CLANG_CXX_LIBRARY = "libc++";
				CLANG_ENABLE_MODULES = YES;
				CLANG_ENABLE_OBJC_ARC = YES;
				CLANG_ENABLE_OBJC_WEAK = YES;
				CLANG_WARN_BLOCK_CAPTURE_AUTORELEASING = YES;
				CLANG_WARN_BOOL_CONVERSION = YES;
				CLANG_WARN_COMMA = YES;
				CLANG_WARN_CONSTANT_CONVERSION = YES;
				CLANG_WARN_DEPRECATED_OBJC_IMPLEMENTATIONS = YES;
				CLANG_WARN_DIRECT_OBJC_ISA_USAGE = YES_ERROR;
				CLANG_WARN_DOCUMENTATION_COMMENTS = YES;
				CLANG_WARN_EMPTY_BODY = YES;
				CLANG_WARN_ENUM_CONVERSION = YES;
				CLANG_WARN_INFINITE_RECURSION = YES;
				CLANG_WARN_INT_CONVERSION = YES;
				CLANG_WARN_NON_LITERAL_NULL_CONVERSION = YES;
				CLANG_WARN_OBJC_IMPLICIT_RETAIN_SELF = YES;
				CLANG_WARN_OBJC_LITERAL_CONVERSION = YES;
				CLANG_WARN_OBJC_ROOT_CLASS = YES_ERROR;
				CLANG_WARN_RANGE_LOOP_ANALYSIS = YES;
				CLANG_WARN_STRICT_PROTOTYPES = YES;
				CLANG_WARN_SUSPICIOUS_MOVE = YES;
				CLANG_WARN_UNGUARDED_AVAILABILITY = YES_AGGRESSIVE;
				CLANG_WARN_UNREACHABLE_CODE = YES;
				CLANG_WARN__DUPLICATE_METHOD_MATCH = YES;
				COPY_PHASE_STRIP = NO;
				DEBUG_INFORMATION_FORMAT = "dwarf-with-dsym";
				ENABLE_NS_ASSERTIONS = NO;
				ENABLE_STRICT_OBJC_MSGSEND = YES;
				GCC_C_LANGUAGE_STANDARD = gnu11;
				GCC_NO_COMMON_BLOCKS = YES;
				GCC_WARN_64_TO_32_BIT_CONVERSION = YES;
				GCC_WARN_ABOUT_RETURN_TYPE = YES_ERROR;
				GCC_WARN_UNDECLARED_SELECTOR = YES;
				GCC_WARN_UNINITIALIZED_AUTOS = YES_AGGRESSIVE;
				GCC_WARN_UNUSED_FUNCTION = YES;
				GCC_WARN_UNUSED_VARIABLE = YES;
				IPHONEOS_DEPLOYMENT_TARGET = 12.0;
				MTL_ENABLE_DEBUG_INFO = NO;
				MTL_FAST_MATH = YES;
				SDKROOT = iphoneos;
				VALIDATE_PRODUCT = YES;
			};
			name = Release;
		};
		1ACA891322D856B700F8B799 /* Debug */ = {
			isa = XCBuildConfiguration;
			baseConfigurationReference = EF427A9D5A30A7364E88ABC7 /* Pods-testSFSymbols.debug.xcconfig */;
			buildSettings = {
				ASSETCATALOG_COMPILER_APPICON_NAME = AppIcon;
				CODE_SIGN_ENTITLEMENTS = testSFSymbols/testSFSymbols.entitlements;
				CODE_SIGN_STYLE = Automatic;
				DERIVE_UIKITFORMAC_PRODUCT_BUNDLE_IDENTIFIER = YES;
				DEVELOPMENT_TEAM = 5UAR78B6YU;
				INFOPLIST_FILE = testSFSymbols/Info.plist;
				LD_RUNPATH_SEARCH_PATHS = (
					"$(inherited)",
					"@executable_path/Frameworks",
				);
				PRODUCT_BUNDLE_IDENTIFIER = com.goodnotes.testSFSymbols;
				PRODUCT_NAME = "$(TARGET_NAME)";
				SUPPORTS_UIKITFORMAC = YES;
				SWIFT_VERSION = 4.2;
				TARGETED_DEVICE_FAMILY = "1,2";
			};
			name = Debug;
		};
		1ACA891422D856B700F8B799 /* Release */ = {
			isa = XCBuildConfiguration;
			baseConfigurationReference = 30154BE4D10D84DF4D15CDD0 /* Pods-testSFSymbols.release.xcconfig */;
			buildSettings = {
				ASSETCATALOG_COMPILER_APPICON_NAME = AppIcon;
				CODE_SIGN_ENTITLEMENTS = testSFSymbols/testSFSymbols.entitlements;
				CODE_SIGN_STYLE = Automatic;
				DERIVE_UIKITFORMAC_PRODUCT_BUNDLE_IDENTIFIER = YES;
				DEVELOPMENT_TEAM = 5UAR78B6YU;
				INFOPLIST_FILE = testSFSymbols/Info.plist;
				LD_RUNPATH_SEARCH_PATHS = (
					"$(inherited)",
					"@executable_path/Frameworks",
				);
				PRODUCT_BUNDLE_IDENTIFIER = com.goodnotes.testSFSymbols;
				PRODUCT_NAME = "$(TARGET_NAME)";
				SUPPORTS_UIKITFORMAC = YES;
				SWIFT_VERSION = 4.2;
				TARGETED_DEVICE_FAMILY = "1,2";
			};
			name = Release;
		};
		1ACA891622D856B700F8B799 /* Debug */ = {
			isa = XCBuildConfiguration;
			baseConfigurationReference = D69645A7C5CDC267B0AB4140 /* Pods-testSFSymbolsTests.debug.xcconfig */;
			buildSettings = {
				ALWAYS_EMBED_SWIFT_STANDARD_LIBRARIES = YES;
				BUNDLE_LOADER = "$(TEST_HOST)";
				CODE_SIGN_STYLE = Automatic;
				DEVELOPMENT_TEAM = 5UAR78B6YU;
				INFOPLIST_FILE = testSFSymbolsTests/Info.plist;
				LD_RUNPATH_SEARCH_PATHS = (
					"$(inherited)",
					"@executable_path/Frameworks",
					"@loader_path/Frameworks",
				);
				PRODUCT_BUNDLE_IDENTIFIER = com.goodnotes.testSFSymbolsTests;
				PRODUCT_NAME = "$(TARGET_NAME)";
				TARGETED_DEVICE_FAMILY = "1,2";
				TEST_HOST = "$(BUILT_PRODUCTS_DIR)/testSFSymbols.app/testSFSymbols";
			};
			name = Debug;
		};
		1ACA891722D856B700F8B799 /* Release */ = {
			isa = XCBuildConfiguration;
			baseConfigurationReference = 99C17056890EA9E87C1CE9A9 /* Pods-testSFSymbolsTests.release.xcconfig */;
			buildSettings = {
				ALWAYS_EMBED_SWIFT_STANDARD_LIBRARIES = YES;
				BUNDLE_LOADER = "$(TEST_HOST)";
				CODE_SIGN_STYLE = Automatic;
				DEVELOPMENT_TEAM = 5UAR78B6YU;
				INFOPLIST_FILE = testSFSymbolsTests/Info.plist;
				LD_RUNPATH_SEARCH_PATHS = (
					"$(inherited)",
					"@executable_path/Frameworks",
					"@loader_path/Frameworks",
				);
				PRODUCT_BUNDLE_IDENTIFIER = com.goodnotes.testSFSymbolsTests;
				PRODUCT_NAME = "$(TARGET_NAME)";
				TARGETED_DEVICE_FAMILY = "1,2";
				TEST_HOST = "$(BUILT_PRODUCTS_DIR)/testSFSymbols.app/testSFSymbols";
			};
			name = Release;
		};
		1ACA891922D856B700F8B799 /* Debug */ = {
			isa = XCBuildConfiguration;
			baseConfigurationReference = F15BEE3CF81FB4D924383716 /* Pods-testSFSymbolsUITests.debug.xcconfig */;
			buildSettings = {
				ALWAYS_EMBED_SWIFT_STANDARD_LIBRARIES = YES;
				CODE_SIGN_STYLE = Automatic;
				DEVELOPMENT_TEAM = 5UAR78B6YU;
				INFOPLIST_FILE = testSFSymbolsUITests/Info.plist;
				LD_RUNPATH_SEARCH_PATHS = (
					"$(inherited)",
					"@executable_path/Frameworks",
					"@loader_path/Frameworks",
				);
				PRODUCT_BUNDLE_IDENTIFIER = com.goodnotes.testSFSymbolsUITests;
				PRODUCT_NAME = "$(TARGET_NAME)";
				TARGETED_DEVICE_FAMILY = "1,2";
				TEST_TARGET_NAME = testSFSymbols;
			};
			name = Debug;
		};
		1ACA891A22D856B700F8B799 /* Release */ = {
			isa = XCBuildConfiguration;
			baseConfigurationReference = CCBF66E3C49B84B05508D672 /* Pods-testSFSymbolsUITests.release.xcconfig */;
			buildSettings = {
				ALWAYS_EMBED_SWIFT_STANDARD_LIBRARIES = YES;
				CODE_SIGN_STYLE = Automatic;
				DEVELOPMENT_TEAM = 5UAR78B6YU;
				INFOPLIST_FILE = testSFSymbolsUITests/Info.plist;
				LD_RUNPATH_SEARCH_PATHS = (
					"$(inherited)",
					"@executable_path/Frameworks",
					"@loader_path/Frameworks",
				);
				PRODUCT_BUNDLE_IDENTIFIER = com.goodnotes.testSFSymbolsUITests;
				PRODUCT_NAME = "$(TARGET_NAME)";
				TARGETED_DEVICE_FAMILY = "1,2";
				TEST_TARGET_NAME = testSFSymbols;
			};
			name = Release;
		};
/* End XCBuildConfiguration section */

/* Begin XCConfigurationList section */
		1ACA88DE22D856B500F8B799 /* Build configuration list for PBXProject "testSFSymbols" */ = {
			isa = XCConfigurationList;
			buildConfigurations = (
				1ACA891022D856B700F8B799 /* Debug */,
				1ACA891122D856B700F8B799 /* Release */,
			);
			defaultConfigurationIsVisible = 0;
			defaultConfigurationName = Release;
		};
		1ACA891222D856B700F8B799 /* Build configuration list for PBXNativeTarget "testSFSymbols" */ = {
			isa = XCConfigurationList;
			buildConfigurations = (
				1ACA891322D856B700F8B799 /* Debug */,
				1ACA891422D856B700F8B799 /* Release */,
			);
			defaultConfigurationIsVisible = 0;
			defaultConfigurationName = Release;
		};
		1ACA891522D856B700F8B799 /* Build configuration list for PBXNativeTarget "testSFSymbolsTests" */ = {
			isa = XCConfigurationList;
			buildConfigurations = (
				1ACA891622D856B700F8B799 /* Debug */,
				1ACA891722D856B700F8B799 /* Release */,
			);
			defaultConfigurationIsVisible = 0;
			defaultConfigurationName = Release;
		};
		1ACA891822D856B700F8B799 /* Build configuration list for PBXNativeTarget "testSFSymbolsUITests" */ = {
			isa = XCConfigurationList;
			buildConfigurations = (
				1ACA891922D856B700F8B799 /* Debug */,
				1ACA891A22D856B700F8B799 /* Release */,
			);
			defaultConfigurationIsVisible = 0;
			defaultConfigurationName = Release;
		};
/* End XCConfigurationList section */
	};
	rootObject = 1ACA88DB22D856B500F8B799 /* Project object */;
}
